
Microsoft Visual Studio Solution File, Format Version 12.00
# Visual Studio 2012
Project("{FAE04EC0-301F-11D3-BF4B-00C04F79EFBC}") = "ConversorDeNumeroRomano", "ConversorDeNumeroRomano\ConversorDeNumeroRomano.csproj", "{007F5E99-7B91-4BC2-A563-F1E72BEE3531}"
EndProject
Project("{FAE04EC0-301F-11D3-BF4B-00C04F79EFBC}") = "CalculoDeSalario", "CalculoDeSalario\CalculoDeSalario.csproj", "{CD936F14-DE67-4C96-9972-527CC0EBD979}"
EndProject
Project("{FAE04EC0-301F-11D3-BF4B-00C04F79EFBC}") = "CarrinhoDeCompras", "CarrinhoDeCompras\CarrinhoDeCompras.csproj", "{03F6CB46-5A4E-4265-AB85-EFC754847B75}"
EndProject
Project("{FAE04EC0-301F-11D3-BF4B-00C04F79EFBC}") = "Calculadora", "Calculadora\Calculadora.csproj", "{DABB9EDF-DA46-491B-A155-D9FAECAF1BAF}"
EndProject
Global
	GlobalSection(SolutionConfigurationPlatforms) = preSolution
		Debug|Any CPU = Debug|Any CPU
		Release|Any CPU = Release|Any CPU
	EndGlobalSection
	GlobalSection(ProjectConfigurationPlatforms) = postSolution
		{007F5E99-7B91-4BC2-A563-F1E72BEE3531}.Debug|Any CPU.ActiveCfg = Debug|Any CPU
		{007F5E99-7B91-4BC2-A563-F1E72BEE3531}.Debug|Any CPU.Build.0 = Debug|Any CPU
		{007F5E99-7B91-4BC2-A563-F1E72BEE3531}.Release|Any CPU.ActiveCfg = Release|Any CPU
		{007F5E99-7B91-4BC2-A563-F1E72BEE3531}.Release|Any CPU.Build.0 = Release|Any CPU
		{CD936F14-DE67-4C96-9972-527CC0EBD979}.Debug|Any CPU.ActiveCfg = Debug|Any CPU
		{CD936F14-DE67-4C96-9972-527CC0EBD979}.Debug|Any CPU.Build.0 = Debug|Any CPU
		{CD936F14-DE67-4C96-9972-527CC0EBD979}.Release|Any CPU.ActiveCfg = Release|Any CPU
		{CD936F14-DE67-4C96-9972-527CC0EBD979}.Release|Any CPU.Build.0 = Release|Any CPU
		{03F6CB46-5A4E-4265-AB85-EFC754847B75}.Debug|Any CPU.ActiveCfg = Debug|Any CPU
		{03F6CB46-5A4E-4265-AB85-EFC754847B75}.Debug|Any CPU.Build.0 = Debug|Any CPU
		{03F6CB46-5A4E-4265-AB85-EFC754847B75}.Release|Any CPU.ActiveCfg = Release|Any CPU
		{03F6CB46-5A4E-4265-AB85-EFC754847B75}.Release|Any CPU.Build.0 = Release|Any CPU
		{DABB9EDF-DA46-491B-A155-D9FAECAF1BAF}.Debug|Any CPU.ActiveCfg = Debug|Any CPU
		{DABB9EDF-DA46-491B-A155-D9FAECAF1BAF}.Debug|Any CPU.Build.0 = Debug|Any CPU
		{DABB9EDF-DA46-491B-A155-D9FAECAF1BAF}.Release|Any CPU.ActiveCfg = Release|Any CPU
		{DABB9EDF-DA46-491B-A155-D9FAECAF1BAF}.Release|Any CPU.Build.0 = Release|Any CPU
	EndGlobalSection
	GlobalSection(SolutionProperties) = preSolution
		HideSolutionNode = FALSE
	EndGlobalSection
EndGlobal
